// !$*UTF8*$!
{
	archiveVersion = 1;
	classes = {
	};
	objectVersion = 56;
	objects = {

/* Begin PBXBuildFile section */
		AF0A09A42C19AB8400BE40C6 /* Register.storyboard in Resources */ = {isa = PBXBuildFile; fileRef = AF0A09A32C19AB8400BE40C6 /* Register.storyboard */; };
		AF0A09A62C19AB9400BE40C6 /* RegisterViewController.swift in Sources */ = {isa = PBXBuildFile; fileRef = AF0A09A52C19AB9400BE40C6 /* RegisterViewController.swift */; };
		AF0A09A82C19AB9C00BE40C6 /* RegisterScene.swift in Sources */ = {isa = PBXBuildFile; fileRef = AF0A09A72C19AB9C00BE40C6 /* RegisterScene.swift */; };
		AF0A09AA2C19ABA400BE40C6 /* RegisterRouter.swift in Sources */ = {isa = PBXBuildFile; fileRef = AF0A09A92C19ABA400BE40C6 /* RegisterRouter.swift */; };
		AF1095E62C0F0D25007A533C /* BHRJobLandingColors.swift in Sources */ = {isa = PBXBuildFile; fileRef = AF1095DC2C0F0D25007A533C /* BHRJobLandingColors.swift */; };
		AF1095E72C0F0D25007A533C /* BHRJobLandingStrings.swift in Sources */ = {isa = PBXBuildFile; fileRef = AF1095DE2C0F0D25007A533C /* BHRJobLandingStrings.swift */; };
		AF1095E82C0F0D25007A533C /* BHRJobLandingConstants.swift in Sources */ = {isa = PBXBuildFile; fileRef = AF1095E02C0F0D25007A533C /* BHRJobLandingConstants.swift */; };
		AF1095E92C0F0D25007A533C /* AppFonts.swift in Sources */ = {isa = PBXBuildFile; fileRef = AF1095E32C0F0D25007A533C /* AppFonts.swift */; };
		AF1A254C2C0F11E2007E1A93 /* LandingCountryRouter.swift in Sources */ = {isa = PBXBuildFile; fileRef = AF1A25322C0F11E2007E1A93 /* LandingCountryRouter.swift */; };
		AF1A254D2C0F11E2007E1A93 /* LandingCountryScene.swift in Sources */ = {isa = PBXBuildFile; fileRef = AF1A25342C0F11E2007E1A93 /* LandingCountryScene.swift */; };
		AF1A254E2C0F11E2007E1A93 /* LandingCountry.storyboard in Resources */ = {isa = PBXBuildFile; fileRef = AF1A25362C0F11E2007E1A93 /* LandingCountry.storyboard */; };
		AF1A254F2C0F11E2007E1A93 /* LandingCountry.swift in Sources */ = {isa = PBXBuildFile; fileRef = AF1A25382C0F11E2007E1A93 /* LandingCountry.swift */; };
		AF1A25542C0F11E2007E1A93 /* ScreenPortal.storyboard in Resources */ = {isa = PBXBuildFile; fileRef = AF1A25412C0F11E2007E1A93 /* ScreenPortal.storyboard */; };
		AF1A25552C0F11E2007E1A93 /* ScreenPortal.swift in Sources */ = {isa = PBXBuildFile; fileRef = AF1A25432C0F11E2007E1A93 /* ScreenPortal.swift */; };
		AF1A25562C0F11E2007E1A93 /* ScreenPortalScene.swift in Sources */ = {isa = PBXBuildFile; fileRef = AF1A25452C0F11E2007E1A93 /* ScreenPortalScene.swift */; };
		AF1A25572C0F11E2007E1A93 /* CustomTabBarController.swift in Sources */ = {isa = PBXBuildFile; fileRef = AF1A25472C0F11E2007E1A93 /* CustomTabBarController.swift */; };
		AF27EF4A2C0F191F006C3709 /* Colors.xcassets in Resources */ = {isa = PBXBuildFile; fileRef = AF27EF472C0F191F006C3709 /* Colors.xcassets */; };
		AF338A332C105E1400BA85B2 /* BaseViewController.swift in Sources */ = {isa = PBXBuildFile; fileRef = AF338A322C105E1400BA85B2 /* BaseViewController.swift */; };
		AF358E052C12A8980017DA42 /* FormCellType.swift in Sources */ = {isa = PBXBuildFile; fileRef = AF358E042C12A8980017DA42 /* FormCellType.swift */; };
		AF358E0E2C12B23F0017DA42 /* CellStyleOneTableViewCell.xib in Resources */ = {isa = PBXBuildFile; fileRef = AF358E0D2C12B23F0017DA42 /* CellStyleOneTableViewCell.xib */; };
		AF358E0F2C12B23F0017DA42 /* CellStyleOneTableViewCell.swift in Sources */ = {isa = PBXBuildFile; fileRef = AF358E0C2C12B23F0017DA42 /* CellStyleOneTableViewCell.swift */; };
		AF358E122C12B26E0017DA42 /* CellStyleTwoTableViewCell.xib in Resources */ = {isa = PBXBuildFile; fileRef = AF358E112C12B26E0017DA42 /* CellStyleTwoTableViewCell.xib */; };
		AF358E132C12B26E0017DA42 /* CellStyleTwoTableViewCell.swift in Sources */ = {isa = PBXBuildFile; fileRef = AF358E102C12B26E0017DA42 /* CellStyleTwoTableViewCell.swift */; };
		AF358E212C12EA160017DA42 /* CellStyleOneCollectionViewCell.xib in Resources */ = {isa = PBXBuildFile; fileRef = AF358E202C12EA160017DA42 /* CellStyleOneCollectionViewCell.xib */; };
		AF358E222C12EA160017DA42 /* CellStyleOneCollectionViewCell.swift in Sources */ = {isa = PBXBuildFile; fileRef = AF358E1F2C12EA160017DA42 /* CellStyleOneCollectionViewCell.swift */; };
		AF358E242C12F3600017DA42 /* CellStyleOneTableViewCell+CollectionView.swift in Sources */ = {isa = PBXBuildFile; fileRef = AF358E232C12F3600017DA42 /* CellStyleOneTableViewCell+CollectionView.swift */; };
		AF358E272C12F4520017DA42 /* UICollectionView+Extension.swift in Sources */ = {isa = PBXBuildFile; fileRef = AF358E262C12F4520017DA42 /* UICollectionView+Extension.swift */; };
		AF358E312C15D4650017DA42 /* CellStyleTwoCollectionViewCell.xib in Resources */ = {isa = PBXBuildFile; fileRef = AF358E302C15D4650017DA42 /* CellStyleTwoCollectionViewCell.xib */; };
		AF358E322C15D4650017DA42 /* CellStyleTwoCollectionViewCell.swift in Sources */ = {isa = PBXBuildFile; fileRef = AF358E2F2C15D4650017DA42 /* CellStyleTwoCollectionViewCell.swift */; };
		AF358E342C15D4970017DA42 /* CellStyleTwoTableViewCell+CollectionView.swift in Sources */ = {isa = PBXBuildFile; fileRef = AF358E332C15D4970017DA42 /* CellStyleTwoTableViewCell+CollectionView.swift */; };
		AF358E3B2C15E3790017DA42 /* CellStyleThreeTableViewCell.xib in Resources */ = {isa = PBXBuildFile; fileRef = AF358E3A2C15E3790017DA42 /* CellStyleThreeTableViewCell.xib */; };
		AF358E3C2C15E3790017DA42 /* CellStyleThreeTableViewCell.swift in Sources */ = {isa = PBXBuildFile; fileRef = AF358E392C15E3790017DA42 /* CellStyleThreeTableViewCell.swift */; };
		AF358E3F2C15E38D0017DA42 /* CellStyleFourTableViewCell.xib in Resources */ = {isa = PBXBuildFile; fileRef = AF358E3E2C15E38D0017DA42 /* CellStyleFourTableViewCell.xib */; };
		AF358E402C15E38D0017DA42 /* CellStyleFourTableViewCell.swift in Sources */ = {isa = PBXBuildFile; fileRef = AF358E3D2C15E38D0017DA42 /* CellStyleFourTableViewCell.swift */; };
		AF358E432C15E3B60017DA42 /* CellStyleFourCollectionViewCell.xib in Resources */ = {isa = PBXBuildFile; fileRef = AF358E422C15E3B60017DA42 /* CellStyleFourCollectionViewCell.xib */; };
		AF358E442C15E3B60017DA42 /* CellStyleFourCollectionViewCell.swift in Sources */ = {isa = PBXBuildFile; fileRef = AF358E412C15E3B60017DA42 /* CellStyleFourCollectionViewCell.swift */; };
		AF358E472C15E3D20017DA42 /* CellStyleThreeCollectionViewCell.xib in Resources */ = {isa = PBXBuildFile; fileRef = AF358E462C15E3D20017DA42 /* CellStyleThreeCollectionViewCell.xib */; };
		AF358E482C15E3D20017DA42 /* CellStyleThreeCollectionViewCell.swift in Sources */ = {isa = PBXBuildFile; fileRef = AF358E452C15E3D20017DA42 /* CellStyleThreeCollectionViewCell.swift */; };
		AF358E4A2C15E87F0017DA42 /* CellStyleThreeTableViewCell+CollectionView.swift in Sources */ = {isa = PBXBuildFile; fileRef = AF358E492C15E87F0017DA42 /* CellStyleThreeTableViewCell+CollectionView.swift */; };
		AF358E4C2C15F1A20017DA42 /* CellStyleFourTableViewCell+CollectionView.swift in Sources */ = {isa = PBXBuildFile; fileRef = AF358E4B2C15F1A20017DA42 /* CellStyleFourTableViewCell+CollectionView.swift */; };
		AF358E502C15F3770017DA42 /* CellStyleFiveCollectionViewCell.xib in Resources */ = {isa = PBXBuildFile; fileRef = AF358E4F2C15F3770017DA42 /* CellStyleFiveCollectionViewCell.xib */; };
		AF358E512C15F3770017DA42 /* CellStyleFiveCollectionViewCell.swift in Sources */ = {isa = PBXBuildFile; fileRef = AF358E4E2C15F3770017DA42 /* CellStyleFiveCollectionViewCell.swift */; };
		AF358E552C15F3AA0017DA42 /* CellStyleFiveTableViewCell.xib in Resources */ = {isa = PBXBuildFile; fileRef = AF358E542C15F3AA0017DA42 /* CellStyleFiveTableViewCell.xib */; };
		AF358E562C15F3AA0017DA42 /* CellStyleFiveTableViewCell.swift in Sources */ = {isa = PBXBuildFile; fileRef = AF358E532C15F3AA0017DA42 /* CellStyleFiveTableViewCell.swift */; };
		AF358E582C15F3BB0017DA42 /* CellStyleFiveTableViewCell+CollectionView.swift in Sources */ = {isa = PBXBuildFile; fileRef = AF358E572C15F3BB0017DA42 /* CellStyleFiveTableViewCell+CollectionView.swift */; };
		AF358E5C2C15F6570017DA42 /* CellStyleSixTableViewCell.xib in Resources */ = {isa = PBXBuildFile; fileRef = AF358E5B2C15F6570017DA42 /* CellStyleSixTableViewCell.xib */; };
		AF358E5D2C15F6570017DA42 /* CellStyleSixTableViewCell.swift in Sources */ = {isa = PBXBuildFile; fileRef = AF358E5A2C15F6570017DA42 /* CellStyleSixTableViewCell.swift */; };
		AF358E5F2C15F6DC0017DA42 /* CellStyleSixTableViewCell+CollectionView.swift in Sources */ = {isa = PBXBuildFile; fileRef = AF358E5E2C15F6DC0017DA42 /* CellStyleSixTableViewCell+CollectionView.swift */; };
		AF358E632C15F7100017DA42 /* CellStyleSixCollectionViewCell.xib in Resources */ = {isa = PBXBuildFile; fileRef = AF358E622C15F7100017DA42 /* CellStyleSixCollectionViewCell.xib */; };
		AF358E642C15F7100017DA42 /* CellStyleSixCollectionViewCell.swift in Sources */ = {isa = PBXBuildFile; fileRef = AF358E612C15F7100017DA42 /* CellStyleSixCollectionViewCell.swift */; };
		AF4A5D192C16A99E008CDA8C /* CellStyleSevenTableViewCell.xib in Resources */ = {isa = PBXBuildFile; fileRef = AF4A5D182C16A99E008CDA8C /* CellStyleSevenTableViewCell.xib */; };
		AF4A5D1A2C16A99E008CDA8C /* CellStyleSevenTableViewCell.swift in Sources */ = {isa = PBXBuildFile; fileRef = AF4A5D172C16A99E008CDA8C /* CellStyleSevenTableViewCell.swift */; };
		AF4A5D1D2C16AAEB008CDA8C /* CellStyleSevenCollectionViewCell.xib in Resources */ = {isa = PBXBuildFile; fileRef = AF4A5D1C2C16AAEB008CDA8C /* CellStyleSevenCollectionViewCell.xib */; };
		AF4A5D1E2C16AAEB008CDA8C /* CellStyleSevenCollectionViewCell.swift in Sources */ = {isa = PBXBuildFile; fileRef = AF4A5D1B2C16AAEB008CDA8C /* CellStyleSevenCollectionViewCell.swift */; };
		AF4A5D202C16B6AC008CDA8C /* CellStyleSevenTableViewCell+CollectionView.swift in Sources */ = {isa = PBXBuildFile; fileRef = AF4A5D1F2C16B6AC008CDA8C /* CellStyleSevenTableViewCell+CollectionView.swift */; };
		AF4A5D242C16B9AF008CDA8C /* CellStyleHeaderTableViewCell.xib in Resources */ = {isa = PBXBuildFile; fileRef = AF4A5D232C16B9AF008CDA8C /* CellStyleHeaderTableViewCell.xib */; };
		AF4A5D252C16B9AF008CDA8C /* CellStyleHeaderTableViewCell.swift in Sources */ = {isa = PBXBuildFile; fileRef = AF4A5D222C16B9AF008CDA8C /* CellStyleHeaderTableViewCell.swift */; };
		AF603F802C10686D00831668 /* DeviceLocation.xib in Resources */ = {isa = PBXBuildFile; fileRef = AF603F7F2C10686D00831668 /* DeviceLocation.xib */; };
		AF603F822C10688100831668 /* DeviceLocation.swift in Sources */ = {isa = PBXBuildFile; fileRef = AF603F812C10688100831668 /* DeviceLocation.swift */; };
		AF603F872C10734800831668 /* Home.storyboard in Resources */ = {isa = PBXBuildFile; fileRef = AF603F862C10734800831668 /* Home.storyboard */; };
		AF603F892C10735500831668 /* HomeViewController.swift in Sources */ = {isa = PBXBuildFile; fileRef = AF603F882C10735500831668 /* HomeViewController.swift */; };
		AF603F8D2C10737B00831668 /* HomeScene.swift in Sources */ = {isa = PBXBuildFile; fileRef = AF603F8C2C10737B00831668 /* HomeScene.swift */; };
		AF603F8F2C10738100831668 /* HomeRouter.swift in Sources */ = {isa = PBXBuildFile; fileRef = AF603F8E2C10738100831668 /* HomeRouter.swift */; };
		AF603F992C11948B00831668 /* Applications.storyboard in Resources */ = {isa = PBXBuildFile; fileRef = AF603F982C11948B00831668 /* Applications.storyboard */; };
		AF603F9B2C1194A600831668 /* ApplicationsViewController.swift in Sources */ = {isa = PBXBuildFile; fileRef = AF603F9A2C1194A600831668 /* ApplicationsViewController.swift */; };
		AF603F9D2C1194CC00831668 /* ApplicationsScene.swift in Sources */ = {isa = PBXBuildFile; fileRef = AF603F9C2C1194CC00831668 /* ApplicationsScene.swift */; };
		AF603F9F2C1194D600831668 /* ApplicationsRouter.swift in Sources */ = {isa = PBXBuildFile; fileRef = AF603F9E2C1194D600831668 /* ApplicationsRouter.swift */; };
		AF603FA52C1195B700831668 /* Inbox.storyboard in Resources */ = {isa = PBXBuildFile; fileRef = AF603FA42C1195B700831668 /* Inbox.storyboard */; };
		AF603FA72C1195C200831668 /* InboxViewController.swift in Sources */ = {isa = PBXBuildFile; fileRef = AF603FA62C1195C200831668 /* InboxViewController.swift */; };
		AF603FA92C1196A700831668 /* InboxScene.swift in Sources */ = {isa = PBXBuildFile; fileRef = AF603FA82C1196A700831668 /* InboxScene.swift */; };
		AF603FAB2C1196C700831668 /* InboxRouter.swift in Sources */ = {isa = PBXBuildFile; fileRef = AF603FAA2C1196C700831668 /* InboxRouter.swift */; };
		AF603FB12C11978000831668 /* Interviews.storyboard in Resources */ = {isa = PBXBuildFile; fileRef = AF603FB02C11978000831668 /* Interviews.storyboard */; };
		AF603FB32C11979300831668 /* InterviewsViewController.swift in Sources */ = {isa = PBXBuildFile; fileRef = AF603FB22C11979300831668 /* InterviewsViewController.swift */; };
		AF603FB52C1197A400831668 /* InterviewsScene.swift in Sources */ = {isa = PBXBuildFile; fileRef = AF603FB42C1197A400831668 /* InterviewsScene.swift */; };
		AF603FB72C1197AD00831668 /* InterviewsRouter.swift in Sources */ = {isa = PBXBuildFile; fileRef = AF603FB62C1197AD00831668 /* InterviewsRouter.swift */; };
		AF603FBD2C11983000831668 /* Profile.storyboard in Resources */ = {isa = PBXBuildFile; fileRef = AF603FBC2C11983000831668 /* Profile.storyboard */; };
		AF603FBF2C11983A00831668 /* ProfileViewController.swift in Sources */ = {isa = PBXBuildFile; fileRef = AF603FBE2C11983A00831668 /* ProfileViewController.swift */; };
		AF603FC12C11984200831668 /* ProfileScene.swift in Sources */ = {isa = PBXBuildFile; fileRef = AF603FC02C11984200831668 /* ProfileScene.swift */; };
		AF603FC32C11984A00831668 /* ProfileRouter.swift in Sources */ = {isa = PBXBuildFile; fileRef = AF603FC22C11984A00831668 /* ProfileRouter.swift */; };
		AF603FCB2C11B05200831668 /* SearchTextFieldTableViewCell.swift in Sources */ = {isa = PBXBuildFile; fileRef = AF603FC92C11B05200831668 /* SearchTextFieldTableViewCell.swift */; };
		AF603FCC2C11B05200831668 /* SearchTextFieldTableViewCell.xib in Resources */ = {isa = PBXBuildFile; fileRef = AF603FCA2C11B05200831668 /* SearchTextFieldTableViewCell.xib */; };
		AF603FCE2C11B31B00831668 /* HomeViewController+UITableView.swift in Sources */ = {isa = PBXBuildFile; fileRef = AF603FCD2C11B31B00831668 /* HomeViewController+UITableView.swift */; };
		AF603FD22C11BBD400831668 /* HomeViewModels.swift in Sources */ = {isa = PBXBuildFile; fileRef = AF603FD12C11BBD400831668 /* HomeViewModels.swift */; };
		AF8CF08F2C0F069E005F1B58 /* AppDelegate.swift in Sources */ = {isa = PBXBuildFile; fileRef = AF8CF08E2C0F069E005F1B58 /* AppDelegate.swift */; };
		AF8CF0912C0F069E005F1B58 /* SceneDelegate.swift in Sources */ = {isa = PBXBuildFile; fileRef = AF8CF0902C0F069E005F1B58 /* SceneDelegate.swift */; };
		AF8CF0932C0F069E005F1B58 /* ViewController.swift in Sources */ = {isa = PBXBuildFile; fileRef = AF8CF0922C0F069E005F1B58 /* ViewController.swift */; };
		AF8CF0962C0F069E005F1B58 /* Base in Resources */ = {isa = PBXBuildFile; fileRef = AF8CF0952C0F069E005F1B58 /* Base */; };
		AF8CF0982C0F069E005F1B58 /* Assets.xcassets in Resources */ = {isa = PBXBuildFile; fileRef = AF8CF0972C0F069E005F1B58 /* Assets.xcassets */; };
		AF8CF09B2C0F069E005F1B58 /* Base in Resources */ = {isa = PBXBuildFile; fileRef = AF8CF09A2C0F069E005F1B58 /* Base */; };
		AFAADA3A2C185A7200CB3F26 /* UIImage+Extension.swift in Sources */ = {isa = PBXBuildFile; fileRef = AFAADA392C185A7200CB3F26 /* UIImage+Extension.swift */; };
		AFAADA3C2C1865DB00CB3F26 /* UISearchBar+Extension.swift in Sources */ = {isa = PBXBuildFile; fileRef = AFAADA3B2C1865DB00CB3F26 /* UISearchBar+Extension.swift */; };
/* End PBXBuildFile section */

/* Begin PBXFileReference section */
		AF0A099A2C19A99D00BE40C6 /* Poppins-Regular.ttf */ = {isa = PBXFileReference; lastKnownFileType = file; path = "Poppins-Regular.ttf"; sourceTree = "<group>"; };
		AF0A099B2C19A99D00BE40C6 /* Poppins-Medium.ttf */ = {isa = PBXFileReference; lastKnownFileType = file; path = "Poppins-Medium.ttf"; sourceTree = "<group>"; };
		AF0A099C2C19A99D00BE40C6 /* Poppins-Light.ttf */ = {isa = PBXFileReference; lastKnownFileType = file; path = "Poppins-Light.ttf"; sourceTree = "<group>"; };
		AF0A099D2C19A99D00BE40C6 /* Poppins-SemiBold.ttf */ = {isa = PBXFileReference; lastKnownFileType = file; path = "Poppins-SemiBold.ttf"; sourceTree = "<group>"; };
		AF0A09A32C19AB8400BE40C6 /* Register.storyboard */ = {isa = PBXFileReference; lastKnownFileType = file.storyboard; path = Register.storyboard; sourceTree = "<group>"; };
		AF0A09A52C19AB9400BE40C6 /* RegisterViewController.swift */ = {isa = PBXFileReference; lastKnownFileType = sourcecode.swift; path = RegisterViewController.swift; sourceTree = "<group>"; };
		AF0A09A72C19AB9C00BE40C6 /* RegisterScene.swift */ = {isa = PBXFileReference; lastKnownFileType = sourcecode.swift; path = RegisterScene.swift; sourceTree = "<group>"; };
		AF0A09A92C19ABA400BE40C6 /* RegisterRouter.swift */ = {isa = PBXFileReference; lastKnownFileType = sourcecode.swift; path = RegisterRouter.swift; sourceTree = "<group>"; };
		AF1095DC2C0F0D25007A533C /* BHRJobLandingColors.swift */ = {isa = PBXFileReference; fileEncoding = 4; lastKnownFileType = sourcecode.swift; path = BHRJobLandingColors.swift; sourceTree = "<group>"; };
		AF1095DE2C0F0D25007A533C /* BHRJobLandingStrings.swift */ = {isa = PBXFileReference; fileEncoding = 4; lastKnownFileType = sourcecode.swift; path = BHRJobLandingStrings.swift; sourceTree = "<group>"; };
		AF1095E02C0F0D25007A533C /* BHRJobLandingConstants.swift */ = {isa = PBXFileReference; fileEncoding = 4; lastKnownFileType = sourcecode.swift; path = BHRJobLandingConstants.swift; sourceTree = "<group>"; };
		AF1095E32C0F0D25007A533C /* AppFonts.swift */ = {isa = PBXFileReference; fileEncoding = 4; lastKnownFileType = sourcecode.swift; path = AppFonts.swift; sourceTree = "<group>"; };
		AF1A25322C0F11E2007E1A93 /* LandingCountryRouter.swift */ = {isa = PBXFileReference; fileEncoding = 4; lastKnownFileType = sourcecode.swift; path = LandingCountryRouter.swift; sourceTree = "<group>"; };
		AF1A25342C0F11E2007E1A93 /* LandingCountryScene.swift */ = {isa = PBXFileReference; fileEncoding = 4; lastKnownFileType = sourcecode.swift; path = LandingCountryScene.swift; sourceTree = "<group>"; };
		AF1A25362C0F11E2007E1A93 /* LandingCountry.storyboard */ = {isa = PBXFileReference; fileEncoding = 4; lastKnownFileType = file.storyboard; path = LandingCountry.storyboard; sourceTree = "<group>"; };
		AF1A25382C0F11E2007E1A93 /* LandingCountry.swift */ = {isa = PBXFileReference; fileEncoding = 4; lastKnownFileType = sourcecode.swift; path = LandingCountry.swift; sourceTree = "<group>"; };
		AF1A25412C0F11E2007E1A93 /* ScreenPortal.storyboard */ = {isa = PBXFileReference; fileEncoding = 4; lastKnownFileType = file.storyboard; path = ScreenPortal.storyboard; sourceTree = "<group>"; };
		AF1A25432C0F11E2007E1A93 /* ScreenPortal.swift */ = {isa = PBXFileReference; fileEncoding = 4; lastKnownFileType = sourcecode.swift; path = ScreenPortal.swift; sourceTree = "<group>"; };
		AF1A25452C0F11E2007E1A93 /* ScreenPortalScene.swift */ = {isa = PBXFileReference; fileEncoding = 4; lastKnownFileType = sourcecode.swift; path = ScreenPortalScene.swift; sourceTree = "<group>"; };
		AF1A25472C0F11E2007E1A93 /* CustomTabBarController.swift */ = {isa = PBXFileReference; fileEncoding = 4; lastKnownFileType = sourcecode.swift; path = CustomTabBarController.swift; sourceTree = "<group>"; };
		AF27EF472C0F191F006C3709 /* Colors.xcassets */ = {isa = PBXFileReference; lastKnownFileType = folder.assetcatalog; path = Colors.xcassets; sourceTree = "<group>"; };
		AF338A322C105E1400BA85B2 /* BaseViewController.swift */ = {isa = PBXFileReference; lastKnownFileType = sourcecode.swift; path = BaseViewController.swift; sourceTree = "<group>"; };
		AF358E042C12A8980017DA42 /* FormCellType.swift */ = {isa = PBXFileReference; lastKnownFileType = sourcecode.swift; path = FormCellType.swift; sourceTree = "<group>"; };
		AF358E0C2C12B23F0017DA42 /* CellStyleOneTableViewCell.swift */ = {isa = PBXFileReference; lastKnownFileType = sourcecode.swift; path = CellStyleOneTableViewCell.swift; sourceTree = "<group>"; };
		AF358E0D2C12B23F0017DA42 /* CellStyleOneTableViewCell.xib */ = {isa = PBXFileReference; lastKnownFileType = file.xib; path = CellStyleOneTableViewCell.xib; sourceTree = "<group>"; };
		AF358E102C12B26E0017DA42 /* CellStyleTwoTableViewCell.swift */ = {isa = PBXFileReference; lastKnownFileType = sourcecode.swift; path = CellStyleTwoTableViewCell.swift; sourceTree = "<group>"; };
		AF358E112C12B26E0017DA42 /* CellStyleTwoTableViewCell.xib */ = {isa = PBXFileReference; lastKnownFileType = file.xib; path = CellStyleTwoTableViewCell.xib; sourceTree = "<group>"; };
		AF358E1F2C12EA160017DA42 /* CellStyleOneCollectionViewCell.swift */ = {isa = PBXFileReference; lastKnownFileType = sourcecode.swift; path = CellStyleOneCollectionViewCell.swift; sourceTree = "<group>"; };
		AF358E202C12EA160017DA42 /* CellStyleOneCollectionViewCell.xib */ = {isa = PBXFileReference; lastKnownFileType = file.xib; path = CellStyleOneCollectionViewCell.xib; sourceTree = "<group>"; };
		AF358E232C12F3600017DA42 /* CellStyleOneTableViewCell+CollectionView.swift */ = {isa = PBXFileReference; lastKnownFileType = sourcecode.swift; path = "CellStyleOneTableViewCell+CollectionView.swift"; sourceTree = "<group>"; };
		AF358E262C12F4520017DA42 /* UICollectionView+Extension.swift */ = {isa = PBXFileReference; lastKnownFileType = sourcecode.swift; path = "UICollectionView+Extension.swift"; sourceTree = "<group>"; };
		AF358E2F2C15D4650017DA42 /* CellStyleTwoCollectionViewCell.swift */ = {isa = PBXFileReference; lastKnownFileType = sourcecode.swift; path = CellStyleTwoCollectionViewCell.swift; sourceTree = "<group>"; };
		AF358E302C15D4650017DA42 /* CellStyleTwoCollectionViewCell.xib */ = {isa = PBXFileReference; lastKnownFileType = file.xib; path = CellStyleTwoCollectionViewCell.xib; sourceTree = "<group>"; };
		AF358E332C15D4970017DA42 /* CellStyleTwoTableViewCell+CollectionView.swift */ = {isa = PBXFileReference; lastKnownFileType = sourcecode.swift; path = "CellStyleTwoTableViewCell+CollectionView.swift"; sourceTree = "<group>"; };
		AF358E392C15E3790017DA42 /* CellStyleThreeTableViewCell.swift */ = {isa = PBXFileReference; lastKnownFileType = sourcecode.swift; path = CellStyleThreeTableViewCell.swift; sourceTree = "<group>"; };
		AF358E3A2C15E3790017DA42 /* CellStyleThreeTableViewCell.xib */ = {isa = PBXFileReference; lastKnownFileType = file.xib; path = CellStyleThreeTableViewCell.xib; sourceTree = "<group>"; };
		AF358E3D2C15E38D0017DA42 /* CellStyleFourTableViewCell.swift */ = {isa = PBXFileReference; lastKnownFileType = sourcecode.swift; path = CellStyleFourTableViewCell.swift; sourceTree = "<group>"; };
		AF358E3E2C15E38D0017DA42 /* CellStyleFourTableViewCell.xib */ = {isa = PBXFileReference; lastKnownFileType = file.xib; path = CellStyleFourTableViewCell.xib; sourceTree = "<group>"; };
		AF358E412C15E3B60017DA42 /* CellStyleFourCollectionViewCell.swift */ = {isa = PBXFileReference; lastKnownFileType = sourcecode.swift; path = CellStyleFourCollectionViewCell.swift; sourceTree = "<group>"; };
		AF358E422C15E3B60017DA42 /* CellStyleFourCollectionViewCell.xib */ = {isa = PBXFileReference; lastKnownFileType = file.xib; path = CellStyleFourCollectionViewCell.xib; sourceTree = "<group>"; };
		AF358E452C15E3D20017DA42 /* CellStyleThreeCollectionViewCell.swift */ = {isa = PBXFileReference; lastKnownFileType = sourcecode.swift; path = CellStyleThreeCollectionViewCell.swift; sourceTree = "<group>"; };
		AF358E462C15E3D20017DA42 /* CellStyleThreeCollectionViewCell.xib */ = {isa = PBXFileReference; lastKnownFileType = file.xib; path = CellStyleThreeCollectionViewCell.xib; sourceTree = "<group>"; };
		AF358E492C15E87F0017DA42 /* CellStyleThreeTableViewCell+CollectionView.swift */ = {isa = PBXFileReference; lastKnownFileType = sourcecode.swift; path = "CellStyleThreeTableViewCell+CollectionView.swift"; sourceTree = "<group>"; };
		AF358E4B2C15F1A20017DA42 /* CellStyleFourTableViewCell+CollectionView.swift */ = {isa = PBXFileReference; lastKnownFileType = sourcecode.swift; path = "CellStyleFourTableViewCell+CollectionView.swift"; sourceTree = "<group>"; };
		AF358E4E2C15F3770017DA42 /* CellStyleFiveCollectionViewCell.swift */ = {isa = PBXFileReference; lastKnownFileType = sourcecode.swift; path = CellStyleFiveCollectionViewCell.swift; sourceTree = "<group>"; };
		AF358E4F2C15F3770017DA42 /* CellStyleFiveCollectionViewCell.xib */ = {isa = PBXFileReference; lastKnownFileType = file.xib; path = CellStyleFiveCollectionViewCell.xib; sourceTree = "<group>"; };
		AF358E532C15F3AA0017DA42 /* CellStyleFiveTableViewCell.swift */ = {isa = PBXFileReference; lastKnownFileType = sourcecode.swift; path = CellStyleFiveTableViewCell.swift; sourceTree = "<group>"; };
		AF358E542C15F3AA0017DA42 /* CellStyleFiveTableViewCell.xib */ = {isa = PBXFileReference; lastKnownFileType = file.xib; path = CellStyleFiveTableViewCell.xib; sourceTree = "<group>"; };
		AF358E572C15F3BB0017DA42 /* CellStyleFiveTableViewCell+CollectionView.swift */ = {isa = PBXFileReference; lastKnownFileType = sourcecode.swift; path = "CellStyleFiveTableViewCell+CollectionView.swift"; sourceTree = "<group>"; };
		AF358E5A2C15F6570017DA42 /* CellStyleSixTableViewCell.swift */ = {isa = PBXFileReference; lastKnownFileType = sourcecode.swift; path = CellStyleSixTableViewCell.swift; sourceTree = "<group>"; };
		AF358E5B2C15F6570017DA42 /* CellStyleSixTableViewCell.xib */ = {isa = PBXFileReference; lastKnownFileType = file.xib; path = CellStyleSixTableViewCell.xib; sourceTree = "<group>"; };
		AF358E5E2C15F6DC0017DA42 /* CellStyleSixTableViewCell+CollectionView.swift */ = {isa = PBXFileReference; lastKnownFileType = sourcecode.swift; path = "CellStyleSixTableViewCell+CollectionView.swift"; sourceTree = "<group>"; };
		AF358E612C15F7100017DA42 /* CellStyleSixCollectionViewCell.swift */ = {isa = PBXFileReference; lastKnownFileType = sourcecode.swift; path = CellStyleSixCollectionViewCell.swift; sourceTree = "<group>"; };
		AF358E622C15F7100017DA42 /* CellStyleSixCollectionViewCell.xib */ = {isa = PBXFileReference; lastKnownFileType = file.xib; path = CellStyleSixCollectionViewCell.xib; sourceTree = "<group>"; };
		AF4A5D172C16A99E008CDA8C /* CellStyleSevenTableViewCell.swift */ = {isa = PBXFileReference; lastKnownFileType = sourcecode.swift; path = CellStyleSevenTableViewCell.swift; sourceTree = "<group>"; };
		AF4A5D182C16A99E008CDA8C /* CellStyleSevenTableViewCell.xib */ = {isa = PBXFileReference; lastKnownFileType = file.xib; path = CellStyleSevenTableViewCell.xib; sourceTree = "<group>"; };
		AF4A5D1B2C16AAEB008CDA8C /* CellStyleSevenCollectionViewCell.swift */ = {isa = PBXFileReference; lastKnownFileType = sourcecode.swift; path = CellStyleSevenCollectionViewCell.swift; sourceTree = "<group>"; };
		AF4A5D1C2C16AAEB008CDA8C /* CellStyleSevenCollectionViewCell.xib */ = {isa = PBXFileReference; lastKnownFileType = file.xib; path = CellStyleSevenCollectionViewCell.xib; sourceTree = "<group>"; };
		AF4A5D1F2C16B6AC008CDA8C /* CellStyleSevenTableViewCell+CollectionView.swift */ = {isa = PBXFileReference; lastKnownFileType = sourcecode.swift; path = "CellStyleSevenTableViewCell+CollectionView.swift"; sourceTree = "<group>"; };
		AF4A5D222C16B9AF008CDA8C /* CellStyleHeaderTableViewCell.swift */ = {isa = PBXFileReference; lastKnownFileType = sourcecode.swift; path = CellStyleHeaderTableViewCell.swift; sourceTree = "<group>"; };
		AF4A5D232C16B9AF008CDA8C /* CellStyleHeaderTableViewCell.xib */ = {isa = PBXFileReference; lastKnownFileType = file.xib; path = CellStyleHeaderTableViewCell.xib; sourceTree = "<group>"; };
		AF603F7F2C10686D00831668 /* DeviceLocation.xib */ = {isa = PBXFileReference; lastKnownFileType = file.xib; path = DeviceLocation.xib; sourceTree = "<group>"; };
		AF603F812C10688100831668 /* DeviceLocation.swift */ = {isa = PBXFileReference; lastKnownFileType = sourcecode.swift; path = DeviceLocation.swift; sourceTree = "<group>"; };
		AF603F862C10734800831668 /* Home.storyboard */ = {isa = PBXFileReference; lastKnownFileType = file.storyboard; path = Home.storyboard; sourceTree = "<group>"; };
		AF603F882C10735500831668 /* HomeViewController.swift */ = {isa = PBXFileReference; lastKnownFileType = sourcecode.swift; path = HomeViewController.swift; sourceTree = "<group>"; };
		AF603F8C2C10737B00831668 /* HomeScene.swift */ = {isa = PBXFileReference; lastKnownFileType = sourcecode.swift; path = HomeScene.swift; sourceTree = "<group>"; };
		AF603F8E2C10738100831668 /* HomeRouter.swift */ = {isa = PBXFileReference; lastKnownFileType = sourcecode.swift; path = HomeRouter.swift; sourceTree = "<group>"; };
		AF603F982C11948B00831668 /* Applications.storyboard */ = {isa = PBXFileReference; lastKnownFileType = file.storyboard; path = Applications.storyboard; sourceTree = "<group>"; };
		AF603F9A2C1194A600831668 /* ApplicationsViewController.swift */ = {isa = PBXFileReference; lastKnownFileType = sourcecode.swift; path = ApplicationsViewController.swift; sourceTree = "<group>"; };
		AF603F9C2C1194CC00831668 /* ApplicationsScene.swift */ = {isa = PBXFileReference; lastKnownFileType = sourcecode.swift; path = ApplicationsScene.swift; sourceTree = "<group>"; };
		AF603F9E2C1194D600831668 /* ApplicationsRouter.swift */ = {isa = PBXFileReference; lastKnownFileType = sourcecode.swift; path = ApplicationsRouter.swift; sourceTree = "<group>"; };
		AF603FA42C1195B700831668 /* Inbox.storyboard */ = {isa = PBXFileReference; lastKnownFileType = file.storyboard; path = Inbox.storyboard; sourceTree = "<group>"; };
		AF603FA62C1195C200831668 /* InboxViewController.swift */ = {isa = PBXFileReference; lastKnownFileType = sourcecode.swift; path = InboxViewController.swift; sourceTree = "<group>"; };
		AF603FA82C1196A700831668 /* InboxScene.swift */ = {isa = PBXFileReference; lastKnownFileType = sourcecode.swift; path = InboxScene.swift; sourceTree = "<group>"; };
		AF603FAA2C1196C700831668 /* InboxRouter.swift */ = {isa = PBXFileReference; lastKnownFileType = sourcecode.swift; path = InboxRouter.swift; sourceTree = "<group>"; };
		AF603FB02C11978000831668 /* Interviews.storyboard */ = {isa = PBXFileReference; lastKnownFileType = file.storyboard; path = Interviews.storyboard; sourceTree = "<group>"; };
		AF603FB22C11979300831668 /* InterviewsViewController.swift */ = {isa = PBXFileReference; lastKnownFileType = sourcecode.swift; path = InterviewsViewController.swift; sourceTree = "<group>"; };
		AF603FB42C1197A400831668 /* InterviewsScene.swift */ = {isa = PBXFileReference; lastKnownFileType = sourcecode.swift; path = InterviewsScene.swift; sourceTree = "<group>"; };
		AF603FB62C1197AD00831668 /* InterviewsRouter.swift */ = {isa = PBXFileReference; lastKnownFileType = sourcecode.swift; path = InterviewsRouter.swift; sourceTree = "<group>"; };
		AF603FBC2C11983000831668 /* Profile.storyboard */ = {isa = PBXFileReference; lastKnownFileType = file.storyboard; path = Profile.storyboard; sourceTree = "<group>"; };
		AF603FBE2C11983A00831668 /* ProfileViewController.swift */ = {isa = PBXFileReference; lastKnownFileType = sourcecode.swift; path = ProfileViewController.swift; sourceTree = "<group>"; };
		AF603FC02C11984200831668 /* ProfileScene.swift */ = {isa = PBXFileReference; lastKnownFileType = sourcecode.swift; path = ProfileScene.swift; sourceTree = "<group>"; };
		AF603FC22C11984A00831668 /* ProfileRouter.swift */ = {isa = PBXFileReference; lastKnownFileType = sourcecode.swift; path = ProfileRouter.swift; sourceTree = "<group>"; };
		AF603FC92C11B05200831668 /* SearchTextFieldTableViewCell.swift */ = {isa = PBXFileReference; lastKnownFileType = sourcecode.swift; path = SearchTextFieldTableViewCell.swift; sourceTree = "<group>"; };
		AF603FCA2C11B05200831668 /* SearchTextFieldTableViewCell.xib */ = {isa = PBXFileReference; lastKnownFileType = file.xib; path = SearchTextFieldTableViewCell.xib; sourceTree = "<group>"; };
		AF603FCD2C11B31B00831668 /* HomeViewController+UITableView.swift */ = {isa = PBXFileReference; lastKnownFileType = sourcecode.swift; path = "HomeViewController+UITableView.swift"; sourceTree = "<group>"; };
		AF603FD12C11BBD400831668 /* HomeViewModels.swift */ = {isa = PBXFileReference; lastKnownFileType = sourcecode.swift; path = HomeViewModels.swift; sourceTree = "<group>"; };
		AF8CF08B2C0F069E005F1B58 /* BetterJobLanding.app */ = {isa = PBXFileReference; explicitFileType = wrapper.application; includeInIndex = 0; path = BetterJobLanding.app; sourceTree = BUILT_PRODUCTS_DIR; };
		AF8CF08E2C0F069E005F1B58 /* AppDelegate.swift */ = {isa = PBXFileReference; lastKnownFileType = sourcecode.swift; path = AppDelegate.swift; sourceTree = "<group>"; };
		AF8CF0902C0F069E005F1B58 /* SceneDelegate.swift */ = {isa = PBXFileReference; lastKnownFileType = sourcecode.swift; path = SceneDelegate.swift; sourceTree = "<group>"; };
		AF8CF0922C0F069E005F1B58 /* ViewController.swift */ = {isa = PBXFileReference; lastKnownFileType = sourcecode.swift; path = ViewController.swift; sourceTree = "<group>"; };
		AF8CF0952C0F069E005F1B58 /* Base */ = {isa = PBXFileReference; lastKnownFileType = file.storyboard; name = Base; path = Base.lproj/Main.storyboard; sourceTree = "<group>"; };
		AF8CF0972C0F069E005F1B58 /* Assets.xcassets */ = {isa = PBXFileReference; lastKnownFileType = folder.assetcatalog; path = Assets.xcassets; sourceTree = "<group>"; };
		AF8CF09A2C0F069E005F1B58 /* Base */ = {isa = PBXFileReference; lastKnownFileType = file.storyboard; name = Base; path = Base.lproj/LaunchScreen.storyboard; sourceTree = "<group>"; };
		AF8CF09C2C0F069E005F1B58 /* Info.plist */ = {isa = PBXFileReference; lastKnownFileType = text.plist.xml; path = Info.plist; sourceTree = "<group>"; };
		AFAADA392C185A7200CB3F26 /* UIImage+Extension.swift */ = {isa = PBXFileReference; lastKnownFileType = sourcecode.swift; path = "UIImage+Extension.swift"; sourceTree = "<group>"; };
		AFAADA3B2C1865DB00CB3F26 /* UISearchBar+Extension.swift */ = {isa = PBXFileReference; lastKnownFileType = sourcecode.swift; path = "UISearchBar+Extension.swift"; sourceTree = "<group>"; };
/* End PBXFileReference section */

/* Begin PBXFrameworksBuildPhase section */
		AF8CF0882C0F069E005F1B58 /* Frameworks */ = {
			isa = PBXFrameworksBuildPhase;
			buildActionMask = 2147483647;
			files = (
			);
			runOnlyForDeploymentPostprocessing = 0;
		};
/* End PBXFrameworksBuildPhase section */

/* Begin PBXGroup section */
		AF0A099E2C19AB4A00BE40C6 /* Register */ = {
			isa = PBXGroup;
			children = (
				AF0A09A22C19AB7600BE40C6 /* Router */,
				AF0A09A12C19AB7100BE40C6 /* Scene */,
				AF0A09A02C19AB6B00BE40C6 /* ViewController */,
				AF0A099F2C19AB6500BE40C6 /* Storyboard */,
			);
			path = Register;
			sourceTree = "<group>";
		};
		AF0A099F2C19AB6500BE40C6 /* Storyboard */ = {
			isa = PBXGroup;
			children = (
				AF0A09A32C19AB8400BE40C6 /* Register.storyboard */,
			);
			path = Storyboard;
			sourceTree = "<group>";
		};
		AF0A09A02C19AB6B00BE40C6 /* ViewController */ = {
			isa = PBXGroup;
			children = (
				AF0A09A52C19AB9400BE40C6 /* RegisterViewController.swift */,
			);
			path = ViewController;
			sourceTree = "<group>";
		};
		AF0A09A12C19AB7100BE40C6 /* Scene */ = {
			isa = PBXGroup;
			children = (
				AF0A09A72C19AB9C00BE40C6 /* RegisterScene.swift */,
			);
			path = Scene;
			sourceTree = "<group>";
		};
		AF0A09A22C19AB7600BE40C6 /* Router */ = {
			isa = PBXGroup;
			children = (
				AF0A09A92C19ABA400BE40C6 /* RegisterRouter.swift */,
			);
			path = Router;
			sourceTree = "<group>";
		};
		AF1095DD2C0F0D25007A533C /* Colors */ = {
			isa = PBXGroup;
			children = (
				AF1095DC2C0F0D25007A533C /* BHRJobLandingColors.swift */,
			);
			path = Colors;
			sourceTree = "<group>";
		};
		AF1095DF2C0F0D25007A533C /* Strings */ = {
			isa = PBXGroup;
			children = (
				AF1095DE2C0F0D25007A533C /* BHRJobLandingStrings.swift */,
			);
			path = Strings;
			sourceTree = "<group>";
		};
		AF1095E12C0F0D25007A533C /* Constants */ = {
			isa = PBXGroup;
			children = (
				AF1095DD2C0F0D25007A533C /* Colors */,
				AF1095DF2C0F0D25007A533C /* Strings */,
				AF1095E02C0F0D25007A533C /* BHRJobLandingConstants.swift */,
			);
			path = Constants;
			sourceTree = "<group>";
		};
		AF1095E22C0F0D25007A533C /* Binaries */ = {
			isa = PBXGroup;
			children = (
				AF0A099C2C19A99D00BE40C6 /* Poppins-Light.ttf */,
				AF0A099B2C19A99D00BE40C6 /* Poppins-Medium.ttf */,
				AF0A099A2C19A99D00BE40C6 /* Poppins-Regular.ttf */,
				AF0A099D2C19A99D00BE40C6 /* Poppins-SemiBold.ttf */,
			);
			path = Binaries;
			sourceTree = "<group>";
		};
		AF1095E42C0F0D25007A533C /* Fonts */ = {
			isa = PBXGroup;
			children = (
				AF4A5D262C16C012008CDA8C /* Design */,
				AF1095E22C0F0D25007A533C /* Binaries */,
			);
			path = Fonts;
			sourceTree = "<group>";
		};
		AF1095E52C0F0D25007A533C /* Resources */ = {
			isa = PBXGroup;
			children = (
				AF358E252C12F43E0017DA42 /* Extensions */,
				AF358E032C12A8610017DA42 /* Enums */,
				AFA749D02C104198007D3D35 /* Common */,
				AF1095E12C0F0D25007A533C /* Constants */,
				AF1095E42C0F0D25007A533C /* Fonts */,
			);
			path = Resources;
			sourceTree = "<group>";
		};
		AF1A25332C0F11E2007E1A93 /* Router */ = {
			isa = PBXGroup;
			children = (
				AF1A25322C0F11E2007E1A93 /* LandingCountryRouter.swift */,
			);
			path = Router;
			sourceTree = "<group>";
		};
		AF1A25352C0F11E2007E1A93 /* Scene */ = {
			isa = PBXGroup;
			children = (
				AF1A25342C0F11E2007E1A93 /* LandingCountryScene.swift */,
			);
			path = Scene;
			sourceTree = "<group>";
		};
		AF1A25372C0F11E2007E1A93 /* Storyboard */ = {
			isa = PBXGroup;
			children = (
				AF1A25362C0F11E2007E1A93 /* LandingCountry.storyboard */,
			);
			path = Storyboard;
			sourceTree = "<group>";
		};
		AF1A25392C0F11E2007E1A93 /* View */ = {
			isa = PBXGroup;
			children = (
				AF1A25382C0F11E2007E1A93 /* LandingCountry.swift */,
			);
			path = View;
			sourceTree = "<group>";
		};
		AF1A253A2C0F11E2007E1A93 /* LandingCountry */ = {
			isa = PBXGroup;
			children = (
				AF1A25332C0F11E2007E1A93 /* Router */,
				AF1A25352C0F11E2007E1A93 /* Scene */,
				AF1A25372C0F11E2007E1A93 /* Storyboard */,
				AF1A25392C0F11E2007E1A93 /* View */,
			);
			path = LandingCountry;
			sourceTree = "<group>";
		};
		AF1A25422C0F11E2007E1A93 /* Storyboard */ = {
			isa = PBXGroup;
			children = (
				AF1A25412C0F11E2007E1A93 /* ScreenPortal.storyboard */,
			);
			path = Storyboard;
			sourceTree = "<group>";
		};
		AF1A25442C0F11E2007E1A93 /* View */ = {
			isa = PBXGroup;
			children = (
				AF1A25432C0F11E2007E1A93 /* ScreenPortal.swift */,
			);
			path = View;
			sourceTree = "<group>";
		};
		AF1A25462C0F11E2007E1A93 /* ScreenPortal */ = {
			isa = PBXGroup;
			children = (
				AF1A25582C0F1265007E1A93 /* Scene */,
				AF1A25422C0F11E2007E1A93 /* Storyboard */,
				AF1A25442C0F11E2007E1A93 /* View */,
			);
			path = ScreenPortal;
			sourceTree = "<group>";
		};
		AF1A25482C0F11E2007E1A93 /* TabBar */ = {
			isa = PBXGroup;
			children = (
				AF1A25472C0F11E2007E1A93 /* CustomTabBarController.swift */,
			);
			path = TabBar;
			sourceTree = "<group>";
		};
		AF1A25492C0F11E2007E1A93 /* Modules */ = {
			isa = PBXGroup;
			children = (
				AF0A099E2C19AB4A00BE40C6 /* Register */,
				AF603FC72C11AF6900831668 /* ReusableComponents */,
				AF603F932C11944A00831668 /* Profile */,
				AF603F922C11944200831668 /* Interviews */,
				AF603F912C11943A00831668 /* Inbox */,
				AF603F902C11942D00831668 /* Applications */,
				AF603F832C10731400831668 /* Home */,
				AF338A312C105E0400BA85B2 /* Base */,
				AFA749D12C10419E007D3D35 /* CustomPopups */,
				AF1A253A2C0F11E2007E1A93 /* LandingCountry */,
				AF1A25462C0F11E2007E1A93 /* ScreenPortal */,
				AF1A25482C0F11E2007E1A93 /* TabBar */,
			);
			path = Modules;
			sourceTree = "<group>";
		};
		AF1A254A2C0F11E2007E1A93 /* Main */ = {
			isa = PBXGroup;
			children = (
				AF1A25492C0F11E2007E1A93 /* Modules */,
			);
			path = Main;
			sourceTree = "<group>";
		};
		AF1A25582C0F1265007E1A93 /* Scene */ = {
			isa = PBXGroup;
			children = (
				AF1A25452C0F11E2007E1A93 /* ScreenPortalScene.swift */,
			);
			path = Scene;
			sourceTree = "<group>";
		};
		AF27EF4C2C0F1989006C3709 /* SupportingFiles */ = {
			isa = PBXGroup;
			children = (
				AF27EF472C0F191F006C3709 /* Colors.xcassets */,
				AF8CF08E2C0F069E005F1B58 /* AppDelegate.swift */,
				AF8CF0902C0F069E005F1B58 /* SceneDelegate.swift */,
				AF8CF0922C0F069E005F1B58 /* ViewController.swift */,
				AF8CF0942C0F069E005F1B58 /* Main.storyboard */,
				AF8CF0972C0F069E005F1B58 /* Assets.xcassets */,
				AF8CF0992C0F069E005F1B58 /* LaunchScreen.storyboard */,
			);
			path = SupportingFiles;
			sourceTree = "<group>";
		};
		AF338A312C105E0400BA85B2 /* Base */ = {
			isa = PBXGroup;
			children = (
				AF338A322C105E1400BA85B2 /* BaseViewController.swift */,
			);
			path = Base;
			sourceTree = "<group>";
		};
		AF358E032C12A8610017DA42 /* Enums */ = {
			isa = PBXGroup;
			children = (
				AF358E042C12A8980017DA42 /* FormCellType.swift */,
			);
			path = Enums;
			sourceTree = "<group>";
		};
		AF358E082C12B1F60017DA42 /* CellStyleOneTableViewCell */ = {
			isa = PBXGroup;
			children = (
				AF358E232C12F3600017DA42 /* CellStyleOneTableViewCell+CollectionView.swift */,
				AF358E0C2C12B23F0017DA42 /* CellStyleOneTableViewCell.swift */,
				AF358E0D2C12B23F0017DA42 /* CellStyleOneTableViewCell.xib */,
			);
			path = CellStyleOneTableViewCell;
			sourceTree = "<group>";
		};
		AF358E092C12B2190017DA42 /* TableViewCell */ = {
			isa = PBXGroup;
			children = (
				AF4A5D212C16B98D008CDA8C /* CellStyleHeaderTableViewCell */,
				AF4A5D162C16A977008CDA8C /* CellStyleSevenTableViewCell */,
				AF358E592C15F6340017DA42 /* CellStyleSixTableViewCell */,
				AF358E522C15F37D0017DA42 /* CellStyleFiveTableViewCell */,
				AF358E362C15E2650017DA42 /* CellStyleFourTableViewCell */,
				AF358E352C15E25B0017DA42 /* CellStyleThreeTableViewCell */,
				AF358E0B2C12B22A0017DA42 /* CellStyleTwoTableViewCell */,
				AF358E082C12B1F60017DA42 /* CellStyleOneTableViewCell */,
				AF603FC82C11AF7200831668 /* SearchTextFieldTableViewCell */,
			);
			path = TableViewCell;
			sourceTree = "<group>";
		};
		AF358E0A2C12B2220017DA42 /* CollectionViewCell */ = {
			isa = PBXGroup;
			children = (
				AF4A5D152C16A8B6008CDA8C /* CellStyleSevenCollectionViewCell */,
				AF358E602C15F6FD0017DA42 /* CellStyleSixCollectionViewCell */,
				AF358E4D2C15F3410017DA42 /* CellStyleFiveCollectionViewCell */,
				AF358E382C15E3460017DA42 /* CellStyleFourCollectionViewCell */,
				AF358E372C15E26D0017DA42 /* CellStyleThreeCollectionViewCell */,
				AF358E1C2C12E9E00017DA42 /* CellStyleTwoCollectionViewCell */,
				AF358E1B2C12E9D00017DA42 /* CellStyleOneCollectionViwCell */,
			);
			path = CollectionViewCell;
			sourceTree = "<group>";
		};
		AF358E0B2C12B22A0017DA42 /* CellStyleTwoTableViewCell */ = {
			isa = PBXGroup;
			children = (
				AF358E332C15D4970017DA42 /* CellStyleTwoTableViewCell+CollectionView.swift */,
				AF358E102C12B26E0017DA42 /* CellStyleTwoTableViewCell.swift */,
				AF358E112C12B26E0017DA42 /* CellStyleTwoTableViewCell.xib */,
			);
			path = CellStyleTwoTableViewCell;
			sourceTree = "<group>";
		};
		AF358E1B2C12E9D00017DA42 /* CellStyleOneCollectionViwCell */ = {
			isa = PBXGroup;
			children = (
				AF358E1F2C12EA160017DA42 /* CellStyleOneCollectionViewCell.swift */,
				AF358E202C12EA160017DA42 /* CellStyleOneCollectionViewCell.xib */,
			);
			path = CellStyleOneCollectionViwCell;
			sourceTree = "<group>";
		};
		AF358E1C2C12E9E00017DA42 /* CellStyleTwoCollectionViewCell */ = {
			isa = PBXGroup;
			children = (
				AF358E2F2C15D4650017DA42 /* CellStyleTwoCollectionViewCell.swift */,
				AF358E302C15D4650017DA42 /* CellStyleTwoCollectionViewCell.xib */,
			);
			path = CellStyleTwoCollectionViewCell;
			sourceTree = "<group>";
		};
		AF358E252C12F43E0017DA42 /* Extensions */ = {
			isa = PBXGroup;
			children = (
				AF358E262C12F4520017DA42 /* UICollectionView+Extension.swift */,
				AFAADA392C185A7200CB3F26 /* UIImage+Extension.swift */,
				AFAADA3B2C1865DB00CB3F26 /* UISearchBar+Extension.swift */,
			);
			path = Extensions;
			sourceTree = "<group>";
		};
		AF358E352C15E25B0017DA42 /* CellStyleThreeTableViewCell */ = {
			isa = PBXGroup;
			children = (
				AF358E392C15E3790017DA42 /* CellStyleThreeTableViewCell.swift */,
				AF358E3A2C15E3790017DA42 /* CellStyleThreeTableViewCell.xib */,
				AF358E492C15E87F0017DA42 /* CellStyleThreeTableViewCell+CollectionView.swift */,
			);
			path = CellStyleThreeTableViewCell;
			sourceTree = "<group>";
		};
		AF358E362C15E2650017DA42 /* CellStyleFourTableViewCell */ = {
			isa = PBXGroup;
			children = (
				AF358E3D2C15E38D0017DA42 /* CellStyleFourTableViewCell.swift */,
				AF358E3E2C15E38D0017DA42 /* CellStyleFourTableViewCell.xib */,
				AF358E4B2C15F1A20017DA42 /* CellStyleFourTableViewCell+CollectionView.swift */,
			);
			path = CellStyleFourTableViewCell;
			sourceTree = "<group>";
		};
		AF358E372C15E26D0017DA42 /* CellStyleThreeCollectionViewCell */ = {
			isa = PBXGroup;
			children = (
				AF358E452C15E3D20017DA42 /* CellStyleThreeCollectionViewCell.swift */,
				AF358E462C15E3D20017DA42 /* CellStyleThreeCollectionViewCell.xib */,
			);
			path = CellStyleThreeCollectionViewCell;
			sourceTree = "<group>";
		};
		AF358E382C15E3460017DA42 /* CellStyleFourCollectionViewCell */ = {
			isa = PBXGroup;
			children = (
				AF358E412C15E3B60017DA42 /* CellStyleFourCollectionViewCell.swift */,
				AF358E422C15E3B60017DA42 /* CellStyleFourCollectionViewCell.xib */,
			);
			path = CellStyleFourCollectionViewCell;
			sourceTree = "<group>";
		};
		AF358E4D2C15F3410017DA42 /* CellStyleFiveCollectionViewCell */ = {
			isa = PBXGroup;
			children = (
				AF358E4E2C15F3770017DA42 /* CellStyleFiveCollectionViewCell.swift */,
				AF358E4F2C15F3770017DA42 /* CellStyleFiveCollectionViewCell.xib */,
			);
			path = CellStyleFiveCollectionViewCell;
			sourceTree = "<group>";
		};
		AF358E522C15F37D0017DA42 /* CellStyleFiveTableViewCell */ = {
			isa = PBXGroup;
			children = (
				AF358E532C15F3AA0017DA42 /* CellStyleFiveTableViewCell.swift */,
				AF358E542C15F3AA0017DA42 /* CellStyleFiveTableViewCell.xib */,
				AF358E572C15F3BB0017DA42 /* CellStyleFiveTableViewCell+CollectionView.swift */,
			);
			path = CellStyleFiveTableViewCell;
			sourceTree = "<group>";
		};
		AF358E592C15F6340017DA42 /* CellStyleSixTableViewCell */ = {
			isa = PBXGroup;
			children = (
				AF358E5A2C15F6570017DA42 /* CellStyleSixTableViewCell.swift */,
				AF358E5B2C15F6570017DA42 /* CellStyleSixTableViewCell.xib */,
				AF358E5E2C15F6DC0017DA42 /* CellStyleSixTableViewCell+CollectionView.swift */,
			);
			path = CellStyleSixTableViewCell;
			sourceTree = "<group>";
		};
		AF358E602C15F6FD0017DA42 /* CellStyleSixCollectionViewCell */ = {
			isa = PBXGroup;
			children = (
				AF358E612C15F7100017DA42 /* CellStyleSixCollectionViewCell.swift */,
				AF358E622C15F7100017DA42 /* CellStyleSixCollectionViewCell.xib */,
			);
			path = CellStyleSixCollectionViewCell;
			sourceTree = "<group>";
		};
		AF4A5D152C16A8B6008CDA8C /* CellStyleSevenCollectionViewCell */ = {
			isa = PBXGroup;
			children = (
				AF4A5D1B2C16AAEB008CDA8C /* CellStyleSevenCollectionViewCell.swift */,
				AF4A5D1C2C16AAEB008CDA8C /* CellStyleSevenCollectionViewCell.xib */,
			);
			path = CellStyleSevenCollectionViewCell;
			sourceTree = "<group>";
		};
		AF4A5D162C16A977008CDA8C /* CellStyleSevenTableViewCell */ = {
			isa = PBXGroup;
			children = (
				AF4A5D172C16A99E008CDA8C /* CellStyleSevenTableViewCell.swift */,
				AF4A5D182C16A99E008CDA8C /* CellStyleSevenTableViewCell.xib */,
				AF4A5D1F2C16B6AC008CDA8C /* CellStyleSevenTableViewCell+CollectionView.swift */,
			);
			path = CellStyleSevenTableViewCell;
			sourceTree = "<group>";
		};
		AF4A5D212C16B98D008CDA8C /* CellStyleHeaderTableViewCell */ = {
			isa = PBXGroup;
			children = (
				AF4A5D222C16B9AF008CDA8C /* CellStyleHeaderTableViewCell.swift */,
				AF4A5D232C16B9AF008CDA8C /* CellStyleHeaderTableViewCell.xib */,
			);
			path = CellStyleHeaderTableViewCell;
			sourceTree = "<group>";
		};
		AF4A5D262C16C012008CDA8C /* Design */ = {
			isa = PBXGroup;
			children = (
				AF1095E32C0F0D25007A533C /* AppFonts.swift */,
			);
			path = Design;
			sourceTree = "<group>";
		};
		AF603F832C10731400831668 /* Home */ = {
			isa = PBXGroup;
			children = (
				AF603FD02C11BBBB00831668 /* ViewModel */,
				AF603F8B2C10737100831668 /* Router */,
				AF603F8A2C10736A00831668 /* Scene */,
				AF603F852C10733F00831668 /* ViewController */,
				AF603F842C10731800831668 /* Storyboard */,
			);
			path = Home;
			sourceTree = "<group>";
		};
		AF603F842C10731800831668 /* Storyboard */ = {
			isa = PBXGroup;
			children = (
				AF603F862C10734800831668 /* Home.storyboard */,
			);
			path = Storyboard;
			sourceTree = "<group>";
		};
		AF603F852C10733F00831668 /* ViewController */ = {
			isa = PBXGroup;
			children = (
				AF603F882C10735500831668 /* HomeViewController.swift */,
				AF603FCD2C11B31B00831668 /* HomeViewController+UITableView.swift */,
			);
			path = ViewController;
			sourceTree = "<group>";
		};
		AF603F8A2C10736A00831668 /* Scene */ = {
			isa = PBXGroup;
			children = (
				AF603F8C2C10737B00831668 /* HomeScene.swift */,
			);
			path = Scene;
			sourceTree = "<group>";
		};
		AF603F8B2C10737100831668 /* Router */ = {
			isa = PBXGroup;
			children = (
				AF603F8E2C10738100831668 /* HomeRouter.swift */,
			);
			path = Router;
			sourceTree = "<group>";
		};
		AF603F902C11942D00831668 /* Applications */ = {
			isa = PBXGroup;
			children = (
				AF603F972C11948000831668 /* Router */,
				AF603F962C11947900831668 /* Scene */,
				AF603F942C11946600831668 /* ViewController */,
				AF603F952C11946D00831668 /* Storyboard */,
			);
			path = Applications;
			sourceTree = "<group>";
		};
		AF603F912C11943A00831668 /* Inbox */ = {
			isa = PBXGroup;
			children = (
				AF603FA32C11958D00831668 /* Router */,
				AF603FA22C11958900831668 /* Scene */,
				AF603FA12C11958400831668 /* ViewController */,
				AF603FA02C11957B00831668 /* Storyboard */,
			);
			path = Inbox;
			sourceTree = "<group>";
		};
		AF603F922C11944200831668 /* Interviews */ = {
			isa = PBXGroup;
			children = (
				AF603FAF2C11975A00831668 /* Router */,
				AF603FAE2C11975000831668 /* Scene */,
				AF603FAD2C11974700831668 /* ViewController */,
				AF603FAC2C11973B00831668 /* Storyboard */,
			);
			path = Interviews;
			sourceTree = "<group>";
		};
		AF603F932C11944A00831668 /* Profile */ = {
			isa = PBXGroup;
			children = (
				AF603FBB2C11982500831668 /* Router */,
				AF603FBA2C11981D00831668 /* Scene */,
				AF603FB92C11981600831668 /* ViewController */,
				AF603FB82C11980F00831668 /* Storyboard */,
			);
			path = Profile;
			sourceTree = "<group>";
		};
		AF603F942C11946600831668 /* ViewController */ = {
			isa = PBXGroup;
			children = (
				AF603F9A2C1194A600831668 /* ApplicationsViewController.swift */,
			);
			path = ViewController;
			sourceTree = "<group>";
		};
		AF603F952C11946D00831668 /* Storyboard */ = {
			isa = PBXGroup;
			children = (
				AF603F982C11948B00831668 /* Applications.storyboard */,
			);
			path = Storyboard;
			sourceTree = "<group>";
		};
		AF603F962C11947900831668 /* Scene */ = {
			isa = PBXGroup;
			children = (
				AF603F9C2C1194CC00831668 /* ApplicationsScene.swift */,
			);
			path = Scene;
			sourceTree = "<group>";
		};
		AF603F972C11948000831668 /* Router */ = {
			isa = PBXGroup;
			children = (
				AF603F9E2C1194D600831668 /* ApplicationsRouter.swift */,
			);
			path = Router;
			sourceTree = "<group>";
		};
		AF603FA02C11957B00831668 /* Storyboard */ = {
			isa = PBXGroup;
			children = (
				AF603FA42C1195B700831668 /* Inbox.storyboard */,
			);
			path = Storyboard;
			sourceTree = "<group>";
		};
		AF603FA12C11958400831668 /* ViewController */ = {
			isa = PBXGroup;
			children = (
				AF603FA62C1195C200831668 /* InboxViewController.swift */,
			);
			path = ViewController;
			sourceTree = "<group>";
		};
		AF603FA22C11958900831668 /* Scene */ = {
			isa = PBXGroup;
			children = (
				AF603FA82C1196A700831668 /* InboxScene.swift */,
			);
			path = Scene;
			sourceTree = "<group>";
		};
		AF603FA32C11958D00831668 /* Router */ = {
			isa = PBXGroup;
			children = (
				AF603FAA2C1196C700831668 /* InboxRouter.swift */,
			);
			path = Router;
			sourceTree = "<group>";
		};
		AF603FAC2C11973B00831668 /* Storyboard */ = {
			isa = PBXGroup;
			children = (
				AF603FB02C11978000831668 /* Interviews.storyboard */,
			);
			path = Storyboard;
			sourceTree = "<group>";
		};
		AF603FAD2C11974700831668 /* ViewController */ = {
			isa = PBXGroup;
			children = (
				AF603FB22C11979300831668 /* InterviewsViewController.swift */,
			);
			path = ViewController;
			sourceTree = "<group>";
		};
		AF603FAE2C11975000831668 /* Scene */ = {
			isa = PBXGroup;
			children = (
				AF603FB42C1197A400831668 /* InterviewsScene.swift */,
			);
			path = Scene;
			sourceTree = "<group>";
		};
		AF603FAF2C11975A00831668 /* Router */ = {
			isa = PBXGroup;
			children = (
				AF603FB62C1197AD00831668 /* InterviewsRouter.swift */,
			);
			path = Router;
			sourceTree = "<group>";
		};
		AF603FB82C11980F00831668 /* Storyboard */ = {
			isa = PBXGroup;
			children = (
				AF603FBC2C11983000831668 /* Profile.storyboard */,
			);
			path = Storyboard;
			sourceTree = "<group>";
		};
		AF603FB92C11981600831668 /* ViewController */ = {
			isa = PBXGroup;
			children = (
				AF603FBE2C11983A00831668 /* ProfileViewController.swift */,
			);
			path = ViewController;
			sourceTree = "<group>";
		};
		AF603FBA2C11981D00831668 /* Scene */ = {
			isa = PBXGroup;
			children = (
				AF603FC02C11984200831668 /* ProfileScene.swift */,
			);
			path = Scene;
			sourceTree = "<group>";
		};
		AF603FBB2C11982500831668 /* Router */ = {
			isa = PBXGroup;
			children = (
				AF603FC22C11984A00831668 /* ProfileRouter.swift */,
			);
			path = Router;
			sourceTree = "<group>";
		};
		AF603FC72C11AF6900831668 /* ReusableComponents */ = {
			isa = PBXGroup;
			children = (
				AF358E0A2C12B2220017DA42 /* CollectionViewCell */,
				AF358E092C12B2190017DA42 /* TableViewCell */,
			);
			path = ReusableComponents;
			sourceTree = "<group>";
		};
		AF603FC82C11AF7200831668 /* SearchTextFieldTableViewCell */ = {
			isa = PBXGroup;
			children = (
				AF603FC92C11B05200831668 /* SearchTextFieldTableViewCell.swift */,
				AF603FCA2C11B05200831668 /* SearchTextFieldTableViewCell.xib */,
			);
			path = SearchTextFieldTableViewCell;
			sourceTree = "<group>";
		};
		AF603FD02C11BBBB00831668 /* ViewModel */ = {
			isa = PBXGroup;
			children = (
				AF603FD12C11BBD400831668 /* HomeViewModels.swift */,
			);
			path = ViewModel;
			sourceTree = "<group>";
		};
		AF8CF0822C0F069E005F1B58 = {
			isa = PBXGroup;
			children = (
				AF8CF08D2C0F069E005F1B58 /* BetterJobLanding */,
				AF8CF08C2C0F069E005F1B58 /* Products */,
			);
			sourceTree = "<group>";
		};
		AF8CF08C2C0F069E005F1B58 /* Products */ = {
			isa = PBXGroup;
			children = (
				AF8CF08B2C0F069E005F1B58 /* BetterJobLanding.app */,
			);
			name = Products;
			sourceTree = "<group>";
		};
		AF8CF08D2C0F069E005F1B58 /* BetterJobLanding */ = {
			isa = PBXGroup;
			children = (
				AF27EF4C2C0F1989006C3709 /* SupportingFiles */,
				AF1095E52C0F0D25007A533C /* Resources */,
				AF1A254A2C0F11E2007E1A93 /* Main */,
				AF8CF09C2C0F069E005F1B58 /* Info.plist */,
			);
			path = BetterJobLanding;
			sourceTree = "<group>";
		};
		AFA749D02C104198007D3D35 /* Common */ = {
			isa = PBXGroup;
			children = (
			);
			path = Common;
			sourceTree = "<group>";
		};
		AFA749D12C10419E007D3D35 /* CustomPopups */ = {
			isa = PBXGroup;
			children = (
				AFA749D22C1041AC007D3D35 /* DeviceLocation */,
			);
			path = CustomPopups;
			sourceTree = "<group>";
		};
		AFA749D22C1041AC007D3D35 /* DeviceLocation */ = {
			isa = PBXGroup;
			children = (
				AF603F7F2C10686D00831668 /* DeviceLocation.xib */,
				AF603F812C10688100831668 /* DeviceLocation.swift */,
			);
			path = DeviceLocation;
			sourceTree = "<group>";
		};
/* End PBXGroup section */

/* Begin PBXNativeTarget section */
		AF8CF08A2C0F069E005F1B58 /* BetterJobLanding */ = {
			isa = PBXNativeTarget;
			buildConfigurationList = AF8CF09F2C0F069E005F1B58 /* Build configuration list for PBXNativeTarget "BetterJobLanding" */;
			buildPhases = (
				AF1095CE2C0F06DE007A533C /* ShellScript */,
				AF8CF0872C0F069E005F1B58 /* Sources */,
				AF8CF0882C0F069E005F1B58 /* Frameworks */,
				AF8CF0892C0F069E005F1B58 /* Resources */,
			);
			buildRules = (
			);
			dependencies = (
			);
			name = BetterJobLanding;
			productName = BetterJobLanding;
			productReference = AF8CF08B2C0F069E005F1B58 /* BetterJobLanding.app */;
			productType = "com.apple.product-type.application";
		};
/* End PBXNativeTarget section */

/* Begin PBXProject section */
		AF8CF0832C0F069E005F1B58 /* Project object */ = {
			isa = PBXProject;
			attributes = {
				BuildIndependentTargetsInParallel = 1;
				LastSwiftUpdateCheck = 1530;
				LastUpgradeCheck = 1530;
				TargetAttributes = {
					AF8CF08A2C0F069E005F1B58 = {
						CreatedOnToolsVersion = 15.3;
					};
				};
			};
			buildConfigurationList = AF8CF0862C0F069E005F1B58 /* Build configuration list for PBXProject "BetterJobLanding" */;
			compatibilityVersion = "Xcode 14.0";
			developmentRegion = en;
			hasScannedForEncodings = 0;
			knownRegions = (
				en,
				Base,
			);
			mainGroup = AF8CF0822C0F069E005F1B58;
			productRefGroup = AF8CF08C2C0F069E005F1B58 /* Products */;
			projectDirPath = "";
			projectRoot = "";
			targets = (
				AF8CF08A2C0F069E005F1B58 /* BetterJobLanding */,
			);
		};
/* End PBXProject section */

/* Begin PBXResourcesBuildPhase section */
		AF8CF0892C0F069E005F1B58 /* Resources */ = {
			isa = PBXResourcesBuildPhase;
			buildActionMask = 2147483647;
			files = (
				AF358E632C15F7100017DA42 /* CellStyleSixCollectionViewCell.xib in Resources */,
				AF358E0E2C12B23F0017DA42 /* CellStyleOneTableViewCell.xib in Resources */,
				AF358E212C12EA160017DA42 /* CellStyleOneCollectionViewCell.xib in Resources */,
				AF603F992C11948B00831668 /* Applications.storyboard in Resources */,
				AF603F802C10686D00831668 /* DeviceLocation.xib in Resources */,
				AF8CF0982C0F069E005F1B58 /* Assets.xcassets in Resources */,
				AF603FCC2C11B05200831668 /* SearchTextFieldTableViewCell.xib in Resources */,
				AF358E5C2C15F6570017DA42 /* CellStyleSixTableViewCell.xib in Resources */,
				AF358E502C15F3770017DA42 /* CellStyleFiveCollectionViewCell.xib in Resources */,
				AF358E122C12B26E0017DA42 /* CellStyleTwoTableViewCell.xib in Resources */,
				AF8CF09B2C0F069E005F1B58 /* Base in Resources */,
				AF4A5D1D2C16AAEB008CDA8C /* CellStyleSevenCollectionViewCell.xib in Resources */,
				AF4A5D192C16A99E008CDA8C /* CellStyleSevenTableViewCell.xib in Resources */,
				AF358E3F2C15E38D0017DA42 /* CellStyleFourTableViewCell.xib in Resources */,
				AF1A25542C0F11E2007E1A93 /* ScreenPortal.storyboard in Resources */,
				AF603FB12C11978000831668 /* Interviews.storyboard in Resources */,
				AF603FBD2C11983000831668 /* Profile.storyboard in Resources */,
				AF358E432C15E3B60017DA42 /* CellStyleFourCollectionViewCell.xib in Resources */,
				AF1A254E2C0F11E2007E1A93 /* LandingCountry.storyboard in Resources */,
				AF358E312C15D4650017DA42 /* CellStyleTwoCollectionViewCell.xib in Resources */,
				AF8CF0962C0F069E005F1B58 /* Base in Resources */,
				AF27EF4A2C0F191F006C3709 /* Colors.xcassets in Resources */,
				AF603F872C10734800831668 /* Home.storyboard in Resources */,
				AF358E552C15F3AA0017DA42 /* CellStyleFiveTableViewCell.xib in Resources */,
				AF4A5D242C16B9AF008CDA8C /* CellStyleHeaderTableViewCell.xib in Resources */,
				AF358E472C15E3D20017DA42 /* CellStyleThreeCollectionViewCell.xib in Resources */,
				AF358E3B2C15E3790017DA42 /* CellStyleThreeTableViewCell.xib in Resources */,
				AF0A09A42C19AB8400BE40C6 /* Register.storyboard in Resources */,
				AF603FA52C1195B700831668 /* Inbox.storyboard in Resources */,
			);
			runOnlyForDeploymentPostprocessing = 0;
		};
/* End PBXResourcesBuildPhase section */

/* Begin PBXShellScriptBuildPhase section */
		AF1095CE2C0F06DE007A533C /* ShellScript */ = {
			isa = PBXShellScriptBuildPhase;
			buildActionMask = 2147483647;
			files = (
			);
			inputFileListPaths = (
			);
			inputPaths = (
			);
			outputFileListPaths = (
			);
			outputPaths = (
			);
			runOnlyForDeploymentPostprocessing = 0;
			shellPath = /bin/sh;
			shellScript = "cd \"$SRCROOT/..\"\nchmod +x gradlew\n./gradlew :shared:embedAndSignAppleFrameworkForXcode\n\n";
		};
/* End PBXShellScriptBuildPhase section */

/* Begin PBXSourcesBuildPhase section */
		AF8CF0872C0F069E005F1B58 /* Sources */ = {
			isa = PBXSourcesBuildPhase;
			buildActionMask = 2147483647;
			files = (
				AF8CF0932C0F069E005F1B58 /* ViewController.swift in Sources */,
				AF603FD22C11BBD400831668 /* HomeViewModels.swift in Sources */,
				AF358E512C15F3770017DA42 /* CellStyleFiveCollectionViewCell.swift in Sources */,
				AF603F822C10688100831668 /* DeviceLocation.swift in Sources */,
				AF1A25552C0F11E2007E1A93 /* ScreenPortal.swift in Sources */,
				AF603FCE2C11B31B00831668 /* HomeViewController+UITableView.swift in Sources */,
				AF1A25572C0F11E2007E1A93 /* CustomTabBarController.swift in Sources */,
				AF358E272C12F4520017DA42 /* UICollectionView+Extension.swift in Sources */,
				AF358E582C15F3BB0017DA42 /* CellStyleFiveTableViewCell+CollectionView.swift in Sources */,
				AF603F8D2C10737B00831668 /* HomeScene.swift in Sources */,
				AF4A5D202C16B6AC008CDA8C /* CellStyleSevenTableViewCell+CollectionView.swift in Sources */,
				AF603FB32C11979300831668 /* InterviewsViewController.swift in Sources */,
				AF8CF08F2C0F069E005F1B58 /* AppDelegate.swift in Sources */,
				AF338A332C105E1400BA85B2 /* BaseViewController.swift in Sources */,
				AF358E4C2C15F1A20017DA42 /* CellStyleFourTableViewCell+CollectionView.swift in Sources */,
				AF603FB72C1197AD00831668 /* InterviewsRouter.swift in Sources */,
				AF358E5F2C15F6DC0017DA42 /* CellStyleSixTableViewCell+CollectionView.swift in Sources */,
				AF603F8F2C10738100831668 /* HomeRouter.swift in Sources */,
				AF358E342C15D4970017DA42 /* CellStyleTwoTableViewCell+CollectionView.swift in Sources */,
				AF1095E72C0F0D25007A533C /* BHRJobLandingStrings.swift in Sources */,
				AF358E562C15F3AA0017DA42 /* CellStyleFiveTableViewCell.swift in Sources */,
				AF603F9B2C1194A600831668 /* ApplicationsViewController.swift in Sources */,
				AF603FCB2C11B05200831668 /* SearchTextFieldTableViewCell.swift in Sources */,
				AF8CF0912C0F069E005F1B58 /* SceneDelegate.swift in Sources */,
				AF358E322C15D4650017DA42 /* CellStyleTwoCollectionViewCell.swift in Sources */,
				AF603F9D2C1194CC00831668 /* ApplicationsScene.swift in Sources */,
				AF1095E82C0F0D25007A533C /* BHRJobLandingConstants.swift in Sources */,
				AF603FB52C1197A400831668 /* InterviewsScene.swift in Sources */,
				AF603FAB2C1196C700831668 /* InboxRouter.swift in Sources */,
				AF358E0F2C12B23F0017DA42 /* CellStyleOneTableViewCell.swift in Sources */,
				AF358E442C15E3B60017DA42 /* CellStyleFourCollectionViewCell.swift in Sources */,
				AF4A5D252C16B9AF008CDA8C /* CellStyleHeaderTableViewCell.swift in Sources */,
				AF358E4A2C15E87F0017DA42 /* CellStyleThreeTableViewCell+CollectionView.swift in Sources */,
				AF603FBF2C11983A00831668 /* ProfileViewController.swift in Sources */,
				AF358E242C12F3600017DA42 /* CellStyleOneTableViewCell+CollectionView.swift in Sources */,
				AF1095E92C0F0D25007A533C /* AppFonts.swift in Sources */,
				AF1095E62C0F0D25007A533C /* BHRJobLandingColors.swift in Sources */,
				AF4A5D1E2C16AAEB008CDA8C /* CellStyleSevenCollectionViewCell.swift in Sources */,
				AF1A25562C0F11E2007E1A93 /* ScreenPortalScene.swift in Sources */,
				AF603FA72C1195C200831668 /* InboxViewController.swift in Sources */,
				AF603FC12C11984200831668 /* ProfileScene.swift in Sources */,
				AF358E482C15E3D20017DA42 /* CellStyleThreeCollectionViewCell.swift in Sources */,
				AF358E222C12EA160017DA42 /* CellStyleOneCollectionViewCell.swift in Sources */,
				AF603F9F2C1194D600831668 /* ApplicationsRouter.swift in Sources */,
				AF358E132C12B26E0017DA42 /* CellStyleTwoTableViewCell.swift in Sources */,
				AF0A09AA2C19ABA400BE40C6 /* RegisterRouter.swift in Sources */,
				AF603FC32C11984A00831668 /* ProfileRouter.swift in Sources */,
				AF358E5D2C15F6570017DA42 /* CellStyleSixTableViewCell.swift in Sources */,
				AF1A254C2C0F11E2007E1A93 /* LandingCountryRouter.swift in Sources */,
				AF358E642C15F7100017DA42 /* CellStyleSixCollectionViewCell.swift in Sources */,
				AF0A09A82C19AB9C00BE40C6 /* RegisterScene.swift in Sources */,
				AF358E402C15E38D0017DA42 /* CellStyleFourTableViewCell.swift in Sources */,
				AF1A254F2C0F11E2007E1A93 /* LandingCountry.swift in Sources */,
				AF0A09A62C19AB9400BE40C6 /* RegisterViewController.swift in Sources */,
				AFAADA3A2C185A7200CB3F26 /* UIImage+Extension.swift in Sources */,
				AF603F892C10735500831668 /* HomeViewController.swift in Sources */,
				AFAADA3C2C1865DB00CB3F26 /* UISearchBar+Extension.swift in Sources */,
				AF358E052C12A8980017DA42 /* FormCellType.swift in Sources */,
				AF603FA92C1196A700831668 /* InboxScene.swift in Sources */,
				AF358E3C2C15E3790017DA42 /* CellStyleThreeTableViewCell.swift in Sources */,
				AF1A254D2C0F11E2007E1A93 /* LandingCountryScene.swift in Sources */,
				AF4A5D1A2C16A99E008CDA8C /* CellStyleSevenTableViewCell.swift in Sources */,
			);
			runOnlyForDeploymentPostprocessing = 0;
		};
/* End PBXSourcesBuildPhase section */

/* Begin PBXVariantGroup section */
		AF8CF0942C0F069E005F1B58 /* Main.storyboard */ = {
			isa = PBXVariantGroup;
			children = (
				AF8CF0952C0F069E005F1B58 /* Base */,
			);
			name = Main.storyboard;
			sourceTree = "<group>";
		};
		AF8CF0992C0F069E005F1B58 /* LaunchScreen.storyboard */ = {
			isa = PBXVariantGroup;
			children = (
				AF8CF09A2C0F069E005F1B58 /* Base */,
			);
			name = LaunchScreen.storyboard;
			sourceTree = "<group>";
		};
/* End PBXVariantGroup section */

/* Begin XCBuildConfiguration section */
		AF8CF09D2C0F069E005F1B58 /* Debug */ = {
			isa = XCBuildConfiguration;
			buildSettings = {
				ALWAYS_SEARCH_USER_PATHS = NO;
				ASSETCATALOG_COMPILER_GENERATE_SWIFT_ASSET_SYMBOL_EXTENSIONS = YES;
				CLANG_ANALYZER_NONNULL = YES;
				CLANG_ANALYZER_NUMBER_OBJECT_CONVERSION = YES_AGGRESSIVE;
				CLANG_CXX_LANGUAGE_STANDARD = "gnu++20";
				CLANG_ENABLE_MODULES = YES;
				CLANG_ENABLE_OBJC_ARC = YES;
				CLANG_ENABLE_OBJC_WEAK = YES;
				CLANG_WARN_BLOCK_CAPTURE_AUTORELEASING = YES;
				CLANG_WARN_BOOL_CONVERSION = YES;
				CLANG_WARN_COMMA = YES;
				CLANG_WARN_CONSTANT_CONVERSION = YES;
				CLANG_WARN_DEPRECATED_OBJC_IMPLEMENTATIONS = YES;
				CLANG_WARN_DIRECT_OBJC_ISA_USAGE = YES_ERROR;
				CLANG_WARN_DOCUMENTATION_COMMENTS = YES;
				CLANG_WARN_EMPTY_BODY = YES;
				CLANG_WARN_ENUM_CONVERSION = YES;
				CLANG_WARN_INFINITE_RECURSION = YES;
				CLANG_WARN_INT_CONVERSION = YES;
				CLANG_WARN_NON_LITERAL_NULL_CONVERSION = YES;
				CLANG_WARN_OBJC_IMPLICIT_RETAIN_SELF = YES;
				CLANG_WARN_OBJC_LITERAL_CONVERSION = YES;
				CLANG_WARN_OBJC_ROOT_CLASS = YES_ERROR;
				CLANG_WARN_QUOTED_INCLUDE_IN_FRAMEWORK_HEADER = YES;
				CLANG_WARN_RANGE_LOOP_ANALYSIS = YES;
				CLANG_WARN_STRICT_PROTOTYPES = YES;
				CLANG_WARN_SUSPICIOUS_MOVE = YES;
				CLANG_WARN_UNGUARDED_AVAILABILITY = YES_AGGRESSIVE;
				CLANG_WARN_UNREACHABLE_CODE = YES;
				CLANG_WARN__DUPLICATE_METHOD_MATCH = YES;
				COPY_PHASE_STRIP = NO;
				DEBUG_INFORMATION_FORMAT = dwarf;
				ENABLE_STRICT_OBJC_MSGSEND = YES;
				ENABLE_TESTABILITY = YES;
				ENABLE_USER_SCRIPT_SANDBOXING = NO;
				EXCLUDED_ARCHS = "";
				GCC_C_LANGUAGE_STANDARD = gnu17;
				GCC_DYNAMIC_NO_PIC = NO;
				GCC_NO_COMMON_BLOCKS = YES;
				GCC_OPTIMIZATION_LEVEL = 0;
				GCC_PREPROCESSOR_DEFINITIONS = (
					"DEBUG=1",
					"$(inherited)",
				);
				GCC_WARN_64_TO_32_BIT_CONVERSION = YES;
				GCC_WARN_ABOUT_RETURN_TYPE = YES_ERROR;
				GCC_WARN_UNDECLARED_SELECTOR = YES;
				GCC_WARN_UNINITIALIZED_AUTOS = YES_AGGRESSIVE;
				GCC_WARN_UNUSED_FUNCTION = YES;
				GCC_WARN_UNUSED_VARIABLE = YES;
				IPHONEOS_DEPLOYMENT_TARGET = 17.4;
				LOCALIZATION_PREFERS_STRING_CATALOGS = YES;
				MTL_ENABLE_DEBUG_INFO = INCLUDE_SOURCE;
				MTL_FAST_MATH = YES;
				ONLY_ACTIVE_ARCH = YES;
				SDKROOT = iphoneos;
				SWIFT_ACTIVE_COMPILATION_CONDITIONS = "DEBUG $(inherited)";
				SWIFT_OPTIMIZATION_LEVEL = "-Onone";
			};
			name = Debug;
		};
		AF8CF09E2C0F069E005F1B58 /* Release */ = {
			isa = XCBuildConfiguration;
			buildSettings = {
				ALWAYS_SEARCH_USER_PATHS = NO;
				ASSETCATALOG_COMPILER_GENERATE_SWIFT_ASSET_SYMBOL_EXTENSIONS = YES;
				CLANG_ANALYZER_NONNULL = YES;
				CLANG_ANALYZER_NUMBER_OBJECT_CONVERSION = YES_AGGRESSIVE;
				CLANG_CXX_LANGUAGE_STANDARD = "gnu++20";
				CLANG_ENABLE_MODULES = YES;
				CLANG_ENABLE_OBJC_ARC = YES;
				CLANG_ENABLE_OBJC_WEAK = YES;
				CLANG_WARN_BLOCK_CAPTURE_AUTORELEASING = YES;
				CLANG_WARN_BOOL_CONVERSION = YES;
				CLANG_WARN_COMMA = YES;
				CLANG_WARN_CONSTANT_CONVERSION = YES;
				CLANG_WARN_DEPRECATED_OBJC_IMPLEMENTATIONS = YES;
				CLANG_WARN_DIRECT_OBJC_ISA_USAGE = YES_ERROR;
				CLANG_WARN_DOCUMENTATION_COMMENTS = YES;
				CLANG_WARN_EMPTY_BODY = YES;
				CLANG_WARN_ENUM_CONVERSION = YES;
				CLANG_WARN_INFINITE_RECURSION = YES;
				CLANG_WARN_INT_CONVERSION = YES;
				CLANG_WARN_NON_LITERAL_NULL_CONVERSION = YES;
				CLANG_WARN_OBJC_IMPLICIT_RETAIN_SELF = YES;
				CLANG_WARN_OBJC_LITERAL_CONVERSION = YES;
				CLANG_WARN_OBJC_ROOT_CLASS = YES_ERROR;
				CLANG_WARN_QUOTED_INCLUDE_IN_FRAMEWORK_HEADER = YES;
				CLANG_WARN_RANGE_LOOP_ANALYSIS = YES;
				CLANG_WARN_STRICT_PROTOTYPES = YES;
				CLANG_WARN_SUSPICIOUS_MOVE = YES;
				CLANG_WARN_UNGUARDED_AVAILABILITY = YES_AGGRESSIVE;
				CLANG_WARN_UNREACHABLE_CODE = YES;
				CLANG_WARN__DUPLICATE_METHOD_MATCH = YES;
				COPY_PHASE_STRIP = NO;
				DEBUG_INFORMATION_FORMAT = "dwarf-with-dsym";
				ENABLE_NS_ASSERTIONS = NO;
				ENABLE_STRICT_OBJC_MSGSEND = YES;
				ENABLE_USER_SCRIPT_SANDBOXING = NO;
				EXCLUDED_ARCHS = "";
				GCC_C_LANGUAGE_STANDARD = gnu17;
				GCC_NO_COMMON_BLOCKS = YES;
				GCC_WARN_64_TO_32_BIT_CONVERSION = YES;
				GCC_WARN_ABOUT_RETURN_TYPE = YES_ERROR;
				GCC_WARN_UNDECLARED_SELECTOR = YES;
				GCC_WARN_UNINITIALIZED_AUTOS = YES_AGGRESSIVE;
				GCC_WARN_UNUSED_FUNCTION = YES;
				GCC_WARN_UNUSED_VARIABLE = YES;
				IPHONEOS_DEPLOYMENT_TARGET = 17.4;
				LOCALIZATION_PREFERS_STRING_CATALOGS = YES;
				MTL_ENABLE_DEBUG_INFO = NO;
				MTL_FAST_MATH = YES;
				SDKROOT = iphoneos;
				SWIFT_COMPILATION_MODE = wholemodule;
				VALIDATE_PRODUCT = YES;
			};
			name = Release;
		};
		AF8CF0A02C0F069E005F1B58 /* Debug */ = {
			isa = XCBuildConfiguration;
			buildSettings = {
				ASSETCATALOG_COMPILER_APPICON_NAME = AppIcon;
				ASSETCATALOG_COMPILER_GLOBAL_ACCENT_COLOR_NAME = AccentColor;
				CODE_SIGN_STYLE = Automatic;
				CURRENT_PROJECT_VERSION = 1;
				DEVELOPMENT_TEAM = XZ9937UN8H;
				EXCLUDED_ARCHS = arm64;
				FRAMEWORK_SEARCH_PATHS = (
					"$(inherited)",
					"$(SRCROOT)/../shared/build/xcode-frameworks/$(CONFIGURATION)/$(SDK_NAME)",
				);
				GENERATE_INFOPLIST_FILE = YES;
				INFOPLIST_FILE = BetterJobLanding/Info.plist;
				INFOPLIST_KEY_UIApplicationSupportsIndirectInputEvents = YES;
				INFOPLIST_KEY_UILaunchStoryboardName = LaunchScreen;
				INFOPLIST_KEY_UIMainStoryboardFile = ScreenPortal;
				INFOPLIST_KEY_UISupportedInterfaceOrientations_iPad = "UIInterfaceOrientationPortrait UIInterfaceOrientationPortraitUpsideDown UIInterfaceOrientationLandscapeLeft UIInterfaceOrientationLandscapeRight";
				INFOPLIST_KEY_UISupportedInterfaceOrientations_iPhone = "UIInterfaceOrientationPortrait UIInterfaceOrientationLandscapeLeft UIInterfaceOrientationLandscapeRight";
				IPHONEOS_DEPLOYMENT_TARGET = 13.0;
				LD_RUNPATH_SEARCH_PATHS = (
					"$(inherited)",
					"@executable_path/Frameworks",
				);
				MACOSX_DEPLOYMENT_TARGET = 14.0;
				MARKETING_VERSION = 1.0;
				PRODUCT_BUNDLE_IDENTIFIER = co.better.hr;
				PRODUCT_NAME = "$(TARGET_NAME)";
				SWIFT_EMIT_LOC_STRINGS = YES;
				SWIFT_VERSION = 5.0;
				TARGETED_DEVICE_FAMILY = "1,2";
				TVOS_DEPLOYMENT_TARGET = 16.0;
				WATCHOS_DEPLOYMENT_TARGET = 8.0;
				XROS_DEPLOYMENT_TARGET = 1.0;
			};
			name = Debug;
		};
		AF8CF0A12C0F069E005F1B58 /* Release */ = {
			isa = XCBuildConfiguration;
			buildSettings = {
				ASSETCATALOG_COMPILER_APPICON_NAME = AppIcon;
				ASSETCATALOG_COMPILER_GLOBAL_ACCENT_COLOR_NAME = AccentColor;
				CODE_SIGN_STYLE = Automatic;
				CURRENT_PROJECT_VERSION = 1;
				DEVELOPMENT_TEAM = XZ9937UN8H;
				EXCLUDED_ARCHS = arm64;
				FRAMEWORK_SEARCH_PATHS = (
					"$(inherited)",
					"$(SRCROOT)/../shared/build/xcode-frameworks/$(CONFIGURATION)/$(SDK_NAME)",
				);
				GENERATE_INFOPLIST_FILE = YES;
				INFOPLIST_FILE = BetterJobLanding/Info.plist;
				INFOPLIST_KEY_UIApplicationSupportsIndirectInputEvents = YES;
				INFOPLIST_KEY_UILaunchStoryboardName = LaunchScreen;
				INFOPLIST_KEY_UIMainStoryboardFile = ScreenPortal;
				INFOPLIST_KEY_UISupportedInterfaceOrientations_iPad = "UIInterfaceOrientationPortrait UIInterfaceOrientationPortraitUpsideDown UIInterfaceOrientationLandscapeLeft UIInterfaceOrientationLandscapeRight";
				INFOPLIST_KEY_UISupportedInterfaceOrientations_iPhone = "UIInterfaceOrientationPortrait UIInterfaceOrientationLandscapeLeft UIInterfaceOrientationLandscapeRight";
				IPHONEOS_DEPLOYMENT_TARGET = 13.0;
				LD_RUNPATH_SEARCH_PATHS = (
					"$(inherited)",
					"@executable_path/Frameworks",
				);
				MACOSX_DEPLOYMENT_TARGET = 14.0;
				MARKETING_VERSION = 1.0;
				PRODUCT_BUNDLE_IDENTIFIER = co.better.hr;
				PRODUCT_NAME = "$(TARGET_NAME)";
				SWIFT_EMIT_LOC_STRINGS = YES;
				SWIFT_VERSION = 5.0;
				TARGETED_DEVICE_FAMILY = "1,2";
				TVOS_DEPLOYMENT_TARGET = 16.0;
				WATCHOS_DEPLOYMENT_TARGET = 8.0;
				XROS_DEPLOYMENT_TARGET = 1.0;
			};
			name = Release;
		};
/* End XCBuildConfiguration section */

/* Begin XCConfigurationList section */
		AF8CF0862C0F069E005F1B58 /* Build configuration list for PBXProject "BetterJobLanding" */ = {
			isa = XCConfigurationList;
			buildConfigurations = (
				AF8CF09D2C0F069E005F1B58 /* Debug */,
				AF8CF09E2C0F069E005F1B58 /* Release */,
			);
			defaultConfigurationIsVisible = 0;
			defaultConfigurationName = Release;
		};
		AF8CF09F2C0F069E005F1B58 /* Build configuration list for PBXNativeTarget "BetterJobLanding" */ = {
			isa = XCConfigurationList;
			buildConfigurations = (
				AF8CF0A02C0F069E005F1B58 /* Debug */,
				AF8CF0A12C0F069E005F1B58 /* Release */,
			);
			defaultConfigurationIsVisible = 0;
			defaultConfigurationName = Release;
		};
/* End XCConfigurationList section */
	};
	rootObject = AF8CF0832C0F069E005F1B58 /* Project object */;
}
